
Microsoft Visual Studio Solution File, Format Version 12.00
# Visual Studio 15
Project("{FAE04EC0-301F-11D3-BF4B-00C04F79EFBC}") = "Sentry.Native.iOS", "Sentry.Native.iOS\Sentry.Native.iOS.csproj", "{EBE706E0-CA79-47A5-98E5-CAF6D35B2185}"
EndProject
Global
	GlobalSection(SolutionConfigurationPlatforms) = preSolution
		Debug|Any CPU = Debug|Any CPU
		Release|Any CPU = Release|Any CPU
	EndGlobalSection
	GlobalSection(ProjectConfigurationPlatforms) = postSolution
		{EBE706E0-CA79-47A5-98E5-CAF6D35B2185}.Debug|Any CPU.ActiveCfg = Debug|Any CPU
		{EBE706E0-CA79-47A5-98E5-CAF6D35B2185}.Debug|Any CPU.Build.0 = Debug|Any CPU
		{EBE706E0-CA79-47A5-98E5-CAF6D35B2185}.Release|Any CPU.ActiveCfg = Release|Any CPU
		{EBE706E0-CA79-47A5-98E5-CAF6D35B2185}.Release|Any CPU.Build.0 = Release|Any CPU
	EndGlobalSection
EndGlobal
