
Microsoft Visual Studio Solution File, Format Version 12.00
# Visual Studio 15
Project("{FAE04EC0-301F-11D3-BF4B-00C04F79EFBC}") = "Sentry.Native.iOS", "Sentry.Native.iOS\Sentry.Native.iOS.csproj", "{EBE706E0-CA79-47A5-98E5-CAF6D35B2185}"
EndProject
Project("{FAE04EC0-301F-11D3-BF4B-00C04F79EFBC}") = "Sentry.Sampels.Native.iOS", "Sentry.Sampels.Native.iOS\Sentry.Sampels.Native.iOS.csproj", "{9585EDF0-CBD1-4590-9182-6A579477CBFE}"
EndProject
Global
	GlobalSection(SolutionConfigurationPlatforms) = preSolution
		Debug|Any CPU = Debug|Any CPU
		Release|Any CPU = Release|Any CPU
		Debug|iPhoneSimulator = Debug|iPhoneSimulator
		Release|iPhoneSimulator = Release|iPhoneSimulator
		Debug|iPhone = Debug|iPhone
		Release|iPhone = Release|iPhone
	EndGlobalSection
	GlobalSection(ProjectConfigurationPlatforms) = postSolution
		{EBE706E0-CA79-47A5-98E5-CAF6D35B2185}.Debug|Any CPU.ActiveCfg = Debug|Any CPU
		{EBE706E0-CA79-47A5-98E5-CAF6D35B2185}.Debug|Any CPU.Build.0 = Debug|Any CPU
		{EBE706E0-CA79-47A5-98E5-CAF6D35B2185}.Release|Any CPU.ActiveCfg = Release|Any CPU
		{EBE706E0-CA79-47A5-98E5-CAF6D35B2185}.Release|Any CPU.Build.0 = Release|Any CPU
		{EBE706E0-CA79-47A5-98E5-CAF6D35B2185}.Debug|iPhoneSimulator.ActiveCfg = Debug|Any CPU
		{EBE706E0-CA79-47A5-98E5-CAF6D35B2185}.Debug|iPhoneSimulator.Build.0 = Debug|Any CPU
		{EBE706E0-CA79-47A5-98E5-CAF6D35B2185}.Release|iPhoneSimulator.ActiveCfg = Release|Any CPU
		{EBE706E0-CA79-47A5-98E5-CAF6D35B2185}.Release|iPhoneSimulator.Build.0 = Release|Any CPU
		{EBE706E0-CA79-47A5-98E5-CAF6D35B2185}.Debug|iPhone.ActiveCfg = Debug|Any CPU
		{EBE706E0-CA79-47A5-98E5-CAF6D35B2185}.Debug|iPhone.Build.0 = Debug|Any CPU
		{EBE706E0-CA79-47A5-98E5-CAF6D35B2185}.Release|iPhone.ActiveCfg = Release|Any CPU
		{EBE706E0-CA79-47A5-98E5-CAF6D35B2185}.Release|iPhone.Build.0 = Release|Any CPU
		{9585EDF0-CBD1-4590-9182-6A579477CBFE}.Debug|Any CPU.ActiveCfg = Debug|iPhoneSimulator
		{9585EDF0-CBD1-4590-9182-6A579477CBFE}.Debug|Any CPU.Build.0 = Debug|iPhoneSimulator
		{9585EDF0-CBD1-4590-9182-6A579477CBFE}.Release|Any CPU.ActiveCfg = Release|iPhoneSimulator
		{9585EDF0-CBD1-4590-9182-6A579477CBFE}.Release|Any CPU.Build.0 = Release|iPhoneSimulator
		{9585EDF0-CBD1-4590-9182-6A579477CBFE}.Debug|iPhoneSimulator.ActiveCfg = Debug|iPhoneSimulator
		{9585EDF0-CBD1-4590-9182-6A579477CBFE}.Debug|iPhoneSimulator.Build.0 = Debug|iPhoneSimulator
		{9585EDF0-CBD1-4590-9182-6A579477CBFE}.Release|iPhoneSimulator.ActiveCfg = Release|iPhoneSimulator
		{9585EDF0-CBD1-4590-9182-6A579477CBFE}.Release|iPhoneSimulator.Build.0 = Release|iPhoneSimulator
		{9585EDF0-CBD1-4590-9182-6A579477CBFE}.Debug|iPhone.ActiveCfg = Debug|iPhone
		{9585EDF0-CBD1-4590-9182-6A579477CBFE}.Debug|iPhone.Build.0 = Debug|iPhone
		{9585EDF0-CBD1-4590-9182-6A579477CBFE}.Release|iPhone.ActiveCfg = Release|iPhone
		{9585EDF0-CBD1-4590-9182-6A579477CBFE}.Release|iPhone.Build.0 = Release|iPhone
	EndGlobalSection
EndGlobal
